
Microsoft Visual Studio Solution File, Format Version 12.00
Project("{FAE04EC0-301F-11D3-BF4B-00C04F79EFBC}") = "SampleRazorClassLibrary", "SampleRazorClassLibrary\SampleRazorClassLibrary.csproj", "{EAE5ED5D-12F7-49FF-B786-4C983F5D1929}"
EndProject
Project("{FAE04EC0-301F-11D3-BF4B-00C04F79EFBC}") = "SampleTestLibrary", "SampleTestLibrary\SampleTestLibrary.csproj", "{38735A34-5188-46E8-83C7-D1D0809A90B8}"
EndProject
Global
	GlobalSection(SolutionConfigurationPlatforms) = preSolution
		Debug|Any CPU = Debug|Any CPU
		Release|Any CPU = Release|Any CPU
	EndGlobalSection
	GlobalSection(ProjectConfigurationPlatforms) = postSolution
		{EAE5ED5D-12F7-49FF-B786-4C983F5D1929}.Debug|Any CPU.ActiveCfg = Debug|Any CPU
		{EAE5ED5D-12F7-49FF-B786-4C983F5D1929}.Debug|Any CPU.Build.0 = Debug|Any CPU
		{EAE5ED5D-12F7-49FF-B786-4C983F5D1929}.Release|Any CPU.ActiveCfg = Release|Any CPU
		{EAE5ED5D-12F7-49FF-B786-4C983F5D1929}.Release|Any CPU.Build.0 = Release|Any CPU
		{38735A34-5188-46E8-83C7-D1D0809A90B8}.Debug|Any CPU.ActiveCfg = Debug|Any CPU
		{38735A34-5188-46E8-83C7-D1D0809A90B8}.Debug|Any CPU.Build.0 = Debug|Any CPU
		{38735A34-5188-46E8-83C7-D1D0809A90B8}.Release|Any CPU.ActiveCfg = Release|Any CPU
		{38735A34-5188-46E8-83C7-D1D0809A90B8}.Release|Any CPU.Build.0 = Release|Any CPU
	EndGlobalSection
EndGlobal
